
Microsoft Visual Studio Solution File, Format Version 12.00
# Visual Studio Version 16
VisualStudioVersion = 16.0.29613.14
MinimumVisualStudioVersion = 10.0.40219.1
Project("{FAE04EC0-301F-11D3-BF4B-00C04F79EFBC}") = "AirplanApp", "AirplanApp.csproj", "{2F7B9824-5F26-41AB-B576-90EE9619A178}"
EndProject
Global
	GlobalSection(SolutionConfigurationPlatforms) = preSolution
		Debug|Any CPU = Debug|Any CPU
		Release|Any CPU = Release|Any CPU
	EndGlobalSection
	GlobalSection(ProjectConfigurationPlatforms) = postSolution
		{2F7B9824-5F26-41AB-B576-90EE9619A178}.Debug|Any CPU.ActiveCfg = Debug|Any CPU
		{2F7B9824-5F26-41AB-B576-90EE9619A178}.Debug|Any CPU.Build.0 = Debug|Any CPU
		{2F7B9824-5F26-41AB-B576-90EE9619A178}.Release|Any CPU.ActiveCfg = Release|Any CPU
		{2F7B9824-5F26-41AB-B576-90EE9619A178}.Release|Any CPU.Build.0 = Release|Any CPU
	EndGlobalSection
	GlobalSection(SolutionProperties) = preSolution
		HideSolutionNode = FALSE
	EndGlobalSection
	GlobalSection(ExtensibilityGlobals) = postSolution
		SolutionGuid = {BA929DDB-170B-4E69-8467-4D8B292AC884}
	EndGlobalSection
EndGlobal
